
Microsoft Visual Studio Solution File, Format Version 12.00
# Visual Studio Version 17
VisualStudioVersion = 17.3.32819.101
MinimumVisualStudioVersion = 10.0.40219.1
Project("{9A19103F-16F7-4668-BE54-9A1E7A4F7556}") = "ejercicio 1", "Clase1\ejercicio 1.csproj", "{17588832-96F5-4F83-AACB-A3D521EE7A0D}"
EndProject
Project("{9A19103F-16F7-4668-BE54-9A1E7A4F7556}") = "ejercicio 2", "ejercicio2\ejercicio 2.csproj", "{F7139EE4-A5F1-4079-B8D4-CC5244E395AB}"
EndProject
Project("{2150E333-8FDC-42A3-9474-1A3956D46DE8}") = "Clase_1", "Clase_1", "{E37E19B4-8CAD-4753-A13B-6CE0A109A47E}"
EndProject
Project("{9A19103F-16F7-4668-BE54-9A1E7A4F7556}") = "ejercicio 3", "ejercicio 3\ejercicio 3.csproj", "{E528C6BB-A219-4472-955C-E9F38100162D}"
EndProject
Project("{9A19103F-16F7-4668-BE54-9A1E7A4F7556}") = "ejercicio 4", "ejercicio 4\ejercicio 4.csproj", "{5ACDDB1C-166A-4A2A-B79A-3214AA1D63F1}"
EndProject
Project("{9A19103F-16F7-4668-BE54-9A1E7A4F7556}") = "prueba", "prueba\prueba.csproj", "{434EFE83-7529-480A-A658-42D48F282B25}"
EndProject
Project("{9A19103F-16F7-4668-BE54-9A1E7A4F7556}") = "ejercicio 5", "ejercicio 5\ejercicio 5.csproj", "{9EADBF3C-5409-41F3-91B6-7743FDE15A62}"
EndProject
Project("{9A19103F-16F7-4668-BE54-9A1E7A4F7556}") = "ejercicio 6", "ejercicio 6\ejercicio 6.csproj", "{E88F00DF-0550-45FF-8624-D024C9B24971}"
EndProject
Project("{9A19103F-16F7-4668-BE54-9A1E7A4F7556}") = "clase 2", "clase 2\clase 2.csproj", "{F8287696-5266-433D-B978-23FC0FA402A3}"
EndProject
Project("{2150E333-8FDC-42A3-9474-1A3956D46DE8}") = "Clase_2", "Clase_2", "{D2449708-4D2A-4570-BF84-447964A00C8D}"
EndProject
Project("{9A19103F-16F7-4668-BE54-9A1E7A4F7556}") = "ejercicio01", "ejercicio 1\ejercicio01.csproj", "{83D8FC87-513D-4DB1-8CDA-DE17FC2C81F0}"
EndProject
Project("{9A19103F-16F7-4668-BE54-9A1E7A4F7556}") = "ejercicio02_bis", "ejercicio02_bis\ejercicio02_bis.csproj", "{E76AFDFF-1C7B-4CFC-B89C-2A5766B40CDE}"
EndProject
Project("{9A19103F-16F7-4668-BE54-9A1E7A4F7556}") = "ejercicio07", "ConsoleApp1\ejercicio07.csproj", "{1D204B48-D858-4E32-81BD-3DB918E9C31F}"
EndProject
Project("{9A19103F-16F7-4668-BE54-9A1E7A4F7556}") = "ejercicio08", "ejercicio08\ejercicio08.csproj", "{8AE7B357-E1DD-4A88-92BA-694D01FA991F}"
EndProject
Project("{9A19103F-16F7-4668-BE54-9A1E7A4F7556}") = "ejecicio9", "ejecicio9\ejecicio9.csproj", "{18F1F165-85CD-498B-93D6-AF847BDA975E}"
EndProject
Project("{9A19103F-16F7-4668-BE54-9A1E7A4F7556}") = "ejercicio02", "ejercicio02\ejercicio02.csproj", "{C78450CE-CF3F-4F15-9E6D-F8FF9389C868}"
EndProject
Project("{9A19103F-16F7-4668-BE54-9A1E7A4F7556}") = "ejercicio03", "ejercicio03\ejercicio03.csproj", "{CB8510C0-87FB-4B9A-8E70-B53B587C7E86}"
EndProject
Project("{2150E333-8FDC-42A3-9474-1A3956D46DE8}") = "Clase_3", "Clase_3", "{33A7E37B-9828-415B-AF82-1990CB0EE237}"
EndProject
Project("{9A19103F-16F7-4668-BE54-9A1E7A4F7556}") = "clase_3", "clase_3\clase_3.csproj", "{95E9F918-6DAA-4257-AE5E-8C2CF8EEBC76}"
EndProject
Project("{9A19103F-16F7-4668-BE54-9A1E7A4F7556}") = "ejercicio01", "ejercicio01\ejercicio01.csproj", "{61004E95-8CC4-4D0B-B6D7-3F87D1FA3DE7}"
EndProject
Project("{9A19103F-16F7-4668-BE54-9A1E7A4F7556}") = "Entidades1", "Entidades1\Entidades1.csproj", "{DB724183-063A-40C2-AFA4-487A45360A63}"
EndProject
Project("{9A19103F-16F7-4668-BE54-9A1E7A4F7556}") = "c3_ejercicio2", "ejercicio02-3\c3_ejercicio2.csproj", "{DFBD704B-B975-4D07-A223-5CC35C82BD0B}"
EndProject
Project("{2150E333-8FDC-42A3-9474-1A3956D46DE8}") = "Clase_4", "Clase_4", "{11F1FB28-21A8-4DCE-8E06-3730607F238C}"
EndProject
Project("{9A19103F-16F7-4668-BE54-9A1E7A4F7556}") = "clase_4", "clase_4\clase_4.csproj", "{33C681C6-7E83-4D18-A58E-73BF4AEF3B15}"
EndProject
Project("{9A19103F-16F7-4668-BE54-9A1E7A4F7556}") = "Empleado", "Empleado\Empleado.csproj", "{35708305-2507-4505-8568-66640314638C}"
EndProject
Project("{9A19103F-16F7-4668-BE54-9A1E7A4F7556}") = "clase05", "clase05\clase05.csproj", "{EA84558B-C8DB-4BBD-B731-BF64008E2484}"
EndProject
Project("{9A19103F-16F7-4668-BE54-9A1E7A4F7556}") = "WindowsForm", "WindowsForm\WindowsForm.csproj", "{71C80F97-C407-4EE1-BD7A-1BE55B742C8D}"
EndProject
Project("{2150E333-8FDC-42A3-9474-1A3956D46DE8}") = "Clase_5", "Clase_5", "{94187501-617F-4B11-B990-D95064D36E6E}"
EndProject
Project("{2150E333-8FDC-42A3-9474-1A3956D46DE8}") = "Clase_6", "Clase_6", "{4EE61F89-2AB9-447E-A013-D2E59D57E066}"
EndProject
Project("{9A19103F-16F7-4668-BE54-9A1E7A4F7556}") = "FRMEj1", "FRMEj1\FRMEj1.csproj", "{46E865A4-5B12-41E8-ACF8-F969775735B4}"
EndProject
Project("{9A19103F-16F7-4668-BE54-9A1E7A4F7556}") = "c2_ejercicio4", "c2_ejercicio4\c2_ejercicio4.csproj", "{D7DB52F5-1F65-4FD8-8B94-C63D7E278C6C}"
EndProject
Project("{9A19103F-16F7-4668-BE54-9A1E7A4F7556}") = "c2_ejercicio5", "c2_ejercicio5\c2_ejercicio5.csproj", "{79F633F4-1156-4BC3-BA1D-9C2719E3BDEA}"
EndProject
Project("{9A19103F-16F7-4668-BE54-9A1E7A4F7556}") = "c2_ejercicio6", "c2_ejercicio6\c2_ejercicio6.csproj", "{8BDDE57E-CCDE-48A4-97BF-6AE230BC4BF6}"
EndProject
Project("{9A19103F-16F7-4668-BE54-9A1E7A4F7556}") = "c2.ejercicio7", "c2.ejercicio7\c2.ejercicio7.csproj", "{2F66C7B2-49D7-4449-AABD-E64AAB5F42C6}"
EndProject
Project("{9A19103F-16F7-4668-BE54-9A1E7A4F7556}") = "c2_ejercicio8", "c2_ejercicio8\c2_ejercicio8.csproj", "{4438855A-3C5C-4053-BBE5-EA3AC57D2FB2}"
EndProject
Project("{9A19103F-16F7-4668-BE54-9A1E7A4F7556}") = "c2_ejercicio9", "c2_ejercicio9\c2_ejercicio9.csproj", "{4283F11A-2563-4E6D-9A13-226E78D2F757}"
EndProject
Project("{9A19103F-16F7-4668-BE54-9A1E7A4F7556}") = "c3_ejercicio4", "c3_ejercicio3\c3_ejercicio4.csproj", "{7AF30B9B-9AA5-4352-84BE-7179F5EEE849}"
EndProject
Project("{9A19103F-16F7-4668-BE54-9A1E7A4F7556}") = "c4_ejercicio1", "c4_ejercicio1\c4_ejercicio1.csproj", "{ECA09DBF-A04A-4AA7-8DCD-F05046F394EF}"
EndProject
Project("{9A19103F-16F7-4668-BE54-9A1E7A4F7556}") = "c4_Entidades", "c4_Entidades\c4_Entidades.csproj", "{3925F7C3-713D-4D7F-B464-2013109838AA}"
EndProject
Project("{9A19103F-16F7-4668-BE54-9A1E7A4F7556}") = "c6_ejercicio2", "c6_ejercicio2\c6_ejercicio2.csproj", "{6381CB68-4835-4A95-9928-7BB43683CD4C}"
EndProject
Project("{9A19103F-16F7-4668-BE54-9A1E7A4F7556}") = "c6_Entidades", "c6_Entidades\c6_Entidades.csproj", "{3CFC9BC2-EA10-4513-ACAB-46D311FD8B87}"
EndProject
Project("{2150E333-8FDC-42A3-9474-1A3956D46DE8}") = "Clase_7", "Clase_7", "{1EC10470-AD68-4C4D-A910-5B7C0EC36763}"
EndProject
Project("{9A19103F-16F7-4668-BE54-9A1E7A4F7556}") = "c7_ejercicio1", "ConsoleApp2\c7_ejercicio1.csproj", "{B1E654AD-E659-4E01-8A2D-17C10CE7961E}"
EndProject
Project("{9A19103F-16F7-4668-BE54-9A1E7A4F7556}") = "c7_Entidades", "c7_Entidades\c7_Entidades.csproj", "{E7FECA44-D391-46F3-9D10-E4203E99411A}"
EndProject
Project("{9A19103F-16F7-4668-BE54-9A1E7A4F7556}") = "c7_ejercicio2", "c7_ejercicio2\c7_ejercicio2.csproj", "{0B64EEB2-6099-4DD6-BFCC-ACA43AC1E561}"
EndProject
Project("{2150E333-8FDC-42A3-9474-1A3956D46DE8}") = "Clase_7 Encapsulamiento", "Clase_7 Encapsulamiento", "{6BE717F1-4BC4-4EA2-AC29-7441EB212E1F}"
EndProject
Project("{9A19103F-16F7-4668-BE54-9A1E7A4F7556}") = "c7_ejercicio1", "c7_ejercicio1\c7_ejercicio1.csproj", "{3A635B0B-DAE7-4255-A249-472F09BC4F33}"
EndProject
Project("{9A19103F-16F7-4668-BE54-9A1E7A4F7556}") = "c7_2_Entidades", "c7_2_Entidades\c7_2_Entidades.csproj", "{F178B77D-7006-42EE-BB8C-03DE66661DE0}"
EndProject
Project("{9A19103F-16F7-4668-BE54-9A1E7A4F7556}") = "ejercicioIntegrador", "ejercicioIntegrador\ejercicioIntegrador.csproj", "{3D745F08-2563-4B22-BD55-75681652E009}"
EndProject
Project("{9A19103F-16F7-4668-BE54-9A1E7A4F7556}") = "Entidades_integrador", "Emtidades_integrador\Entidades_integrador.csproj", "{0A828686-27D1-48A2-A2A6-DF34C9D4CE08}"
EndProject
Project("{2150E333-8FDC-42A3-9474-1A3956D46DE8}") = "Integrador", "Integrador", "{CDA1AF92-76A3-481F-B3E5-900108AD0500}"
EndProject
Project("{9A19103F-16F7-4668-BE54-9A1E7A4F7556}") = "c3_ejercicio3", "c3_ejercicio4\c3_ejercicio3.csproj", "{941F5264-259F-4282-9E10-746357566FB7}"
EndProject
Project("{9A19103F-16F7-4668-BE54-9A1E7A4F7556}") = "c3_ejercicio5", "c3_ejercicio5\c3_ejercicio5.csproj", "{E8F977F2-3F3D-48A3-85AB-230252836B99}"
EndProject
Project("{9A19103F-16F7-4668-BE54-9A1E7A4F7556}") = "c3_ejercicio6", "c3_ejercicio6\c3_ejercicio6.csproj", "{29D08B28-DFAE-4D9F-8BC3-A9FC2149D1A6}"
EndProject
Project("{9A19103F-16F7-4668-BE54-9A1E7A4F7556}") = "c3_ejercicio7", "c3_ejercicio7\c3_ejercicio7.csproj", "{83725B74-863A-4B90-AB32-19C20D35473A}"
EndProject
Project("{9A19103F-16F7-4668-BE54-9A1E7A4F7556}") = "c4_ejercicio2", "c4_ejercicio2\c4_ejercicio2.csproj", "{0079DB67-BE96-4D93-9DEB-E7B23302143E}"
EndProject
Project("{9A19103F-16F7-4668-BE54-9A1E7A4F7556}") = "c4_ejercicio4", "c4_ejercicio3\c4_ejercicio4.csproj", "{3685BA76-E777-4A20-B6DC-E1A864E494F1}"
EndProject
Project("{9A19103F-16F7-4668-BE54-9A1E7A4F7556}") = "c7_ejercicio3", "c7_ejercicio3\c7_ejercicio3.csproj", "{A74AFE2F-8442-49FE-9B51-28663022B1A6}"
EndProject
Project("{9A19103F-16F7-4668-BE54-9A1E7A4F7556}") = "c7_ejercicio4", "c7_ejercicio4\c7_ejercicio4.csproj", "{A952A435-5A56-4F33-B1FF-6E66AA06D05C}"
EndProject
Project("{9A19103F-16F7-4668-BE54-9A1E7A4F7556}") = "c7_ejercicio5", "c7_ejercicio5\c7_ejercicio5.csproj", "{60CE35FD-000E-4415-8844-78154AF6AA07}"
EndProject
Project("{2150E333-8FDC-42A3-9474-1A3956D46DE8}") = "Clase_8", "Clase_8", "{839A6C66-79A9-46B8-924C-296DA1A766A9}"
EndProject
Project("{FAE04EC0-301F-11D3-BF4B-00C04F79EFBC}") = "c8_Entidades", "c8_Entidades\c8_Entidades.csproj", "{FF18626F-3AD2-4B21-9E32-F658C7A8402C}"
EndProject
Project("{FAE04EC0-301F-11D3-BF4B-00C04F79EFBC}") = "clase8", "clase8\clase8.csproj", "{24C55AD7-2405-442A-8F05-F56914756933}"
EndProject
Project("{FAE04EC0-301F-11D3-BF4B-00C04F79EFBC}") = "c8_ejercicio1", "c8_ejercicio1\c8_ejercicio1.csproj", "{7C020DC1-7766-4A18-B9AD-E883A8A842F1}"
EndProject
Project("{FAE04EC0-301F-11D3-BF4B-00C04F79EFBC}") = "c8_ejercicio1_Entidades", "c8_ejercicio1_Entidades\c8_ejercicio1_Entidades.csproj", "{1A6AC9B4-6B1B-4D91-8F5C-BE149CEF0C9E}"
EndProject
Global
	GlobalSection(SolutionConfigurationPlatforms) = preSolution
		Debug|Any CPU = Debug|Any CPU
		Release|Any CPU = Release|Any CPU
	EndGlobalSection
	GlobalSection(ProjectConfigurationPlatforms) = postSolution
		{17588832-96F5-4F83-AACB-A3D521EE7A0D}.Debug|Any CPU.ActiveCfg = Debug|Any CPU
		{17588832-96F5-4F83-AACB-A3D521EE7A0D}.Debug|Any CPU.Build.0 = Debug|Any CPU
		{17588832-96F5-4F83-AACB-A3D521EE7A0D}.Release|Any CPU.ActiveCfg = Release|Any CPU
		{17588832-96F5-4F83-AACB-A3D521EE7A0D}.Release|Any CPU.Build.0 = Release|Any CPU
		{F7139EE4-A5F1-4079-B8D4-CC5244E395AB}.Debug|Any CPU.ActiveCfg = Debug|Any CPU
		{F7139EE4-A5F1-4079-B8D4-CC5244E395AB}.Debug|Any CPU.Build.0 = Debug|Any CPU
		{F7139EE4-A5F1-4079-B8D4-CC5244E395AB}.Release|Any CPU.ActiveCfg = Release|Any CPU
		{F7139EE4-A5F1-4079-B8D4-CC5244E395AB}.Release|Any CPU.Build.0 = Release|Any CPU
		{E528C6BB-A219-4472-955C-E9F38100162D}.Debug|Any CPU.ActiveCfg = Debug|Any CPU
		{E528C6BB-A219-4472-955C-E9F38100162D}.Debug|Any CPU.Build.0 = Debug|Any CPU
		{E528C6BB-A219-4472-955C-E9F38100162D}.Release|Any CPU.ActiveCfg = Release|Any CPU
		{E528C6BB-A219-4472-955C-E9F38100162D}.Release|Any CPU.Build.0 = Release|Any CPU
		{5ACDDB1C-166A-4A2A-B79A-3214AA1D63F1}.Debug|Any CPU.ActiveCfg = Debug|Any CPU
		{5ACDDB1C-166A-4A2A-B79A-3214AA1D63F1}.Debug|Any CPU.Build.0 = Debug|Any CPU
		{5ACDDB1C-166A-4A2A-B79A-3214AA1D63F1}.Release|Any CPU.ActiveCfg = Release|Any CPU
		{5ACDDB1C-166A-4A2A-B79A-3214AA1D63F1}.Release|Any CPU.Build.0 = Release|Any CPU
		{434EFE83-7529-480A-A658-42D48F282B25}.Debug|Any CPU.ActiveCfg = Debug|Any CPU
		{434EFE83-7529-480A-A658-42D48F282B25}.Debug|Any CPU.Build.0 = Debug|Any CPU
		{434EFE83-7529-480A-A658-42D48F282B25}.Release|Any CPU.ActiveCfg = Release|Any CPU
		{434EFE83-7529-480A-A658-42D48F282B25}.Release|Any CPU.Build.0 = Release|Any CPU
		{9EADBF3C-5409-41F3-91B6-7743FDE15A62}.Debug|Any CPU.ActiveCfg = Debug|Any CPU
		{9EADBF3C-5409-41F3-91B6-7743FDE15A62}.Debug|Any CPU.Build.0 = Debug|Any CPU
		{9EADBF3C-5409-41F3-91B6-7743FDE15A62}.Release|Any CPU.ActiveCfg = Release|Any CPU
		{9EADBF3C-5409-41F3-91B6-7743FDE15A62}.Release|Any CPU.Build.0 = Release|Any CPU
		{E88F00DF-0550-45FF-8624-D024C9B24971}.Debug|Any CPU.ActiveCfg = Debug|Any CPU
		{E88F00DF-0550-45FF-8624-D024C9B24971}.Debug|Any CPU.Build.0 = Debug|Any CPU
		{E88F00DF-0550-45FF-8624-D024C9B24971}.Release|Any CPU.ActiveCfg = Release|Any CPU
		{E88F00DF-0550-45FF-8624-D024C9B24971}.Release|Any CPU.Build.0 = Release|Any CPU
		{F8287696-5266-433D-B978-23FC0FA402A3}.Debug|Any CPU.ActiveCfg = Debug|Any CPU
		{F8287696-5266-433D-B978-23FC0FA402A3}.Debug|Any CPU.Build.0 = Debug|Any CPU
		{F8287696-5266-433D-B978-23FC0FA402A3}.Release|Any CPU.ActiveCfg = Release|Any CPU
		{F8287696-5266-433D-B978-23FC0FA402A3}.Release|Any CPU.Build.0 = Release|Any CPU
		{83D8FC87-513D-4DB1-8CDA-DE17FC2C81F0}.Debug|Any CPU.ActiveCfg = Debug|Any CPU
		{83D8FC87-513D-4DB1-8CDA-DE17FC2C81F0}.Debug|Any CPU.Build.0 = Debug|Any CPU
		{83D8FC87-513D-4DB1-8CDA-DE17FC2C81F0}.Release|Any CPU.ActiveCfg = Release|Any CPU
		{83D8FC87-513D-4DB1-8CDA-DE17FC2C81F0}.Release|Any CPU.Build.0 = Release|Any CPU
		{E76AFDFF-1C7B-4CFC-B89C-2A5766B40CDE}.Debug|Any CPU.ActiveCfg = Debug|Any CPU
		{E76AFDFF-1C7B-4CFC-B89C-2A5766B40CDE}.Debug|Any CPU.Build.0 = Debug|Any CPU
		{E76AFDFF-1C7B-4CFC-B89C-2A5766B40CDE}.Release|Any CPU.ActiveCfg = Release|Any CPU
		{E76AFDFF-1C7B-4CFC-B89C-2A5766B40CDE}.Release|Any CPU.Build.0 = Release|Any CPU
		{1D204B48-D858-4E32-81BD-3DB918E9C31F}.Debug|Any CPU.ActiveCfg = Debug|Any CPU
		{1D204B48-D858-4E32-81BD-3DB918E9C31F}.Debug|Any CPU.Build.0 = Debug|Any CPU
		{1D204B48-D858-4E32-81BD-3DB918E9C31F}.Release|Any CPU.ActiveCfg = Release|Any CPU
		{1D204B48-D858-4E32-81BD-3DB918E9C31F}.Release|Any CPU.Build.0 = Release|Any CPU
		{8AE7B357-E1DD-4A88-92BA-694D01FA991F}.Debug|Any CPU.ActiveCfg = Debug|Any CPU
		{8AE7B357-E1DD-4A88-92BA-694D01FA991F}.Debug|Any CPU.Build.0 = Debug|Any CPU
		{8AE7B357-E1DD-4A88-92BA-694D01FA991F}.Release|Any CPU.ActiveCfg = Release|Any CPU
		{8AE7B357-E1DD-4A88-92BA-694D01FA991F}.Release|Any CPU.Build.0 = Release|Any CPU
		{18F1F165-85CD-498B-93D6-AF847BDA975E}.Debug|Any CPU.ActiveCfg = Debug|Any CPU
		{18F1F165-85CD-498B-93D6-AF847BDA975E}.Debug|Any CPU.Build.0 = Debug|Any CPU
		{18F1F165-85CD-498B-93D6-AF847BDA975E}.Release|Any CPU.ActiveCfg = Release|Any CPU
		{18F1F165-85CD-498B-93D6-AF847BDA975E}.Release|Any CPU.Build.0 = Release|Any CPU
		{C78450CE-CF3F-4F15-9E6D-F8FF9389C868}.Debug|Any CPU.ActiveCfg = Debug|Any CPU
		{C78450CE-CF3F-4F15-9E6D-F8FF9389C868}.Debug|Any CPU.Build.0 = Debug|Any CPU
		{C78450CE-CF3F-4F15-9E6D-F8FF9389C868}.Release|Any CPU.ActiveCfg = Release|Any CPU
		{C78450CE-CF3F-4F15-9E6D-F8FF9389C868}.Release|Any CPU.Build.0 = Release|Any CPU
		{CB8510C0-87FB-4B9A-8E70-B53B587C7E86}.Debug|Any CPU.ActiveCfg = Debug|Any CPU
		{CB8510C0-87FB-4B9A-8E70-B53B587C7E86}.Debug|Any CPU.Build.0 = Debug|Any CPU
		{CB8510C0-87FB-4B9A-8E70-B53B587C7E86}.Release|Any CPU.ActiveCfg = Release|Any CPU
		{CB8510C0-87FB-4B9A-8E70-B53B587C7E86}.Release|Any CPU.Build.0 = Release|Any CPU
		{95E9F918-6DAA-4257-AE5E-8C2CF8EEBC76}.Debug|Any CPU.ActiveCfg = Debug|Any CPU
		{95E9F918-6DAA-4257-AE5E-8C2CF8EEBC76}.Debug|Any CPU.Build.0 = Debug|Any CPU
		{95E9F918-6DAA-4257-AE5E-8C2CF8EEBC76}.Release|Any CPU.ActiveCfg = Release|Any CPU
		{95E9F918-6DAA-4257-AE5E-8C2CF8EEBC76}.Release|Any CPU.Build.0 = Release|Any CPU
		{61004E95-8CC4-4D0B-B6D7-3F87D1FA3DE7}.Debug|Any CPU.ActiveCfg = Debug|Any CPU
		{61004E95-8CC4-4D0B-B6D7-3F87D1FA3DE7}.Debug|Any CPU.Build.0 = Debug|Any CPU
		{61004E95-8CC4-4D0B-B6D7-3F87D1FA3DE7}.Release|Any CPU.ActiveCfg = Release|Any CPU
		{61004E95-8CC4-4D0B-B6D7-3F87D1FA3DE7}.Release|Any CPU.Build.0 = Release|Any CPU
		{DB724183-063A-40C2-AFA4-487A45360A63}.Debug|Any CPU.ActiveCfg = Debug|Any CPU
		{DB724183-063A-40C2-AFA4-487A45360A63}.Debug|Any CPU.Build.0 = Debug|Any CPU
		{DB724183-063A-40C2-AFA4-487A45360A63}.Release|Any CPU.ActiveCfg = Release|Any CPU
		{DB724183-063A-40C2-AFA4-487A45360A63}.Release|Any CPU.Build.0 = Release|Any CPU
		{DFBD704B-B975-4D07-A223-5CC35C82BD0B}.Debug|Any CPU.ActiveCfg = Debug|Any CPU
		{DFBD704B-B975-4D07-A223-5CC35C82BD0B}.Debug|Any CPU.Build.0 = Debug|Any CPU
		{DFBD704B-B975-4D07-A223-5CC35C82BD0B}.Release|Any CPU.ActiveCfg = Release|Any CPU
		{DFBD704B-B975-4D07-A223-5CC35C82BD0B}.Release|Any CPU.Build.0 = Release|Any CPU
		{33C681C6-7E83-4D18-A58E-73BF4AEF3B15}.Debug|Any CPU.ActiveCfg = Debug|Any CPU
		{33C681C6-7E83-4D18-A58E-73BF4AEF3B15}.Debug|Any CPU.Build.0 = Debug|Any CPU
		{33C681C6-7E83-4D18-A58E-73BF4AEF3B15}.Release|Any CPU.ActiveCfg = Release|Any CPU
		{33C681C6-7E83-4D18-A58E-73BF4AEF3B15}.Release|Any CPU.Build.0 = Release|Any CPU
		{35708305-2507-4505-8568-66640314638C}.Debug|Any CPU.ActiveCfg = Debug|Any CPU
		{35708305-2507-4505-8568-66640314638C}.Debug|Any CPU.Build.0 = Debug|Any CPU
		{35708305-2507-4505-8568-66640314638C}.Release|Any CPU.ActiveCfg = Release|Any CPU
		{35708305-2507-4505-8568-66640314638C}.Release|Any CPU.Build.0 = Release|Any CPU
		{EA84558B-C8DB-4BBD-B731-BF64008E2484}.Debug|Any CPU.ActiveCfg = Debug|Any CPU
		{EA84558B-C8DB-4BBD-B731-BF64008E2484}.Debug|Any CPU.Build.0 = Debug|Any CPU
		{EA84558B-C8DB-4BBD-B731-BF64008E2484}.Release|Any CPU.ActiveCfg = Release|Any CPU
		{EA84558B-C8DB-4BBD-B731-BF64008E2484}.Release|Any CPU.Build.0 = Release|Any CPU
		{71C80F97-C407-4EE1-BD7A-1BE55B742C8D}.Debug|Any CPU.ActiveCfg = Debug|Any CPU
		{71C80F97-C407-4EE1-BD7A-1BE55B742C8D}.Debug|Any CPU.Build.0 = Debug|Any CPU
		{71C80F97-C407-4EE1-BD7A-1BE55B742C8D}.Release|Any CPU.ActiveCfg = Release|Any CPU
		{71C80F97-C407-4EE1-BD7A-1BE55B742C8D}.Release|Any CPU.Build.0 = Release|Any CPU
		{46E865A4-5B12-41E8-ACF8-F969775735B4}.Debug|Any CPU.ActiveCfg = Debug|Any CPU
		{46E865A4-5B12-41E8-ACF8-F969775735B4}.Debug|Any CPU.Build.0 = Debug|Any CPU
		{46E865A4-5B12-41E8-ACF8-F969775735B4}.Release|Any CPU.ActiveCfg = Release|Any CPU
		{46E865A4-5B12-41E8-ACF8-F969775735B4}.Release|Any CPU.Build.0 = Release|Any CPU
		{D7DB52F5-1F65-4FD8-8B94-C63D7E278C6C}.Debug|Any CPU.ActiveCfg = Debug|Any CPU
		{D7DB52F5-1F65-4FD8-8B94-C63D7E278C6C}.Debug|Any CPU.Build.0 = Debug|Any CPU
		{D7DB52F5-1F65-4FD8-8B94-C63D7E278C6C}.Release|Any CPU.ActiveCfg = Release|Any CPU
		{D7DB52F5-1F65-4FD8-8B94-C63D7E278C6C}.Release|Any CPU.Build.0 = Release|Any CPU
		{79F633F4-1156-4BC3-BA1D-9C2719E3BDEA}.Debug|Any CPU.ActiveCfg = Debug|Any CPU
		{79F633F4-1156-4BC3-BA1D-9C2719E3BDEA}.Debug|Any CPU.Build.0 = Debug|Any CPU
		{79F633F4-1156-4BC3-BA1D-9C2719E3BDEA}.Release|Any CPU.ActiveCfg = Release|Any CPU
		{79F633F4-1156-4BC3-BA1D-9C2719E3BDEA}.Release|Any CPU.Build.0 = Release|Any CPU
		{8BDDE57E-CCDE-48A4-97BF-6AE230BC4BF6}.Debug|Any CPU.ActiveCfg = Debug|Any CPU
		{8BDDE57E-CCDE-48A4-97BF-6AE230BC4BF6}.Debug|Any CPU.Build.0 = Debug|Any CPU
		{8BDDE57E-CCDE-48A4-97BF-6AE230BC4BF6}.Release|Any CPU.ActiveCfg = Release|Any CPU
		{8BDDE57E-CCDE-48A4-97BF-6AE230BC4BF6}.Release|Any CPU.Build.0 = Release|Any CPU
		{2F66C7B2-49D7-4449-AABD-E64AAB5F42C6}.Debug|Any CPU.ActiveCfg = Debug|Any CPU
		{2F66C7B2-49D7-4449-AABD-E64AAB5F42C6}.Debug|Any CPU.Build.0 = Debug|Any CPU
		{2F66C7B2-49D7-4449-AABD-E64AAB5F42C6}.Release|Any CPU.ActiveCfg = Release|Any CPU
		{2F66C7B2-49D7-4449-AABD-E64AAB5F42C6}.Release|Any CPU.Build.0 = Release|Any CPU
		{4438855A-3C5C-4053-BBE5-EA3AC57D2FB2}.Debug|Any CPU.ActiveCfg = Debug|Any CPU
		{4438855A-3C5C-4053-BBE5-EA3AC57D2FB2}.Debug|Any CPU.Build.0 = Debug|Any CPU
		{4438855A-3C5C-4053-BBE5-EA3AC57D2FB2}.Release|Any CPU.ActiveCfg = Release|Any CPU
		{4438855A-3C5C-4053-BBE5-EA3AC57D2FB2}.Release|Any CPU.Build.0 = Release|Any CPU
		{4283F11A-2563-4E6D-9A13-226E78D2F757}.Debug|Any CPU.ActiveCfg = Debug|Any CPU
		{4283F11A-2563-4E6D-9A13-226E78D2F757}.Debug|Any CPU.Build.0 = Debug|Any CPU
		{4283F11A-2563-4E6D-9A13-226E78D2F757}.Release|Any CPU.ActiveCfg = Release|Any CPU
		{4283F11A-2563-4E6D-9A13-226E78D2F757}.Release|Any CPU.Build.0 = Release|Any CPU
		{7AF30B9B-9AA5-4352-84BE-7179F5EEE849}.Debug|Any CPU.ActiveCfg = Debug|Any CPU
		{7AF30B9B-9AA5-4352-84BE-7179F5EEE849}.Debug|Any CPU.Build.0 = Debug|Any CPU
		{7AF30B9B-9AA5-4352-84BE-7179F5EEE849}.Release|Any CPU.ActiveCfg = Release|Any CPU
		{7AF30B9B-9AA5-4352-84BE-7179F5EEE849}.Release|Any CPU.Build.0 = Release|Any CPU
		{ECA09DBF-A04A-4AA7-8DCD-F05046F394EF}.Debug|Any CPU.ActiveCfg = Debug|Any CPU
		{ECA09DBF-A04A-4AA7-8DCD-F05046F394EF}.Debug|Any CPU.Build.0 = Debug|Any CPU
		{ECA09DBF-A04A-4AA7-8DCD-F05046F394EF}.Release|Any CPU.ActiveCfg = Release|Any CPU
		{ECA09DBF-A04A-4AA7-8DCD-F05046F394EF}.Release|Any CPU.Build.0 = Release|Any CPU
		{3925F7C3-713D-4D7F-B464-2013109838AA}.Debug|Any CPU.ActiveCfg = Debug|Any CPU
		{3925F7C3-713D-4D7F-B464-2013109838AA}.Debug|Any CPU.Build.0 = Debug|Any CPU
		{3925F7C3-713D-4D7F-B464-2013109838AA}.Release|Any CPU.ActiveCfg = Release|Any CPU
		{3925F7C3-713D-4D7F-B464-2013109838AA}.Release|Any CPU.Build.0 = Release|Any CPU
		{6381CB68-4835-4A95-9928-7BB43683CD4C}.Debug|Any CPU.ActiveCfg = Debug|Any CPU
		{6381CB68-4835-4A95-9928-7BB43683CD4C}.Debug|Any CPU.Build.0 = Debug|Any CPU
		{6381CB68-4835-4A95-9928-7BB43683CD4C}.Release|Any CPU.ActiveCfg = Release|Any CPU
		{6381CB68-4835-4A95-9928-7BB43683CD4C}.Release|Any CPU.Build.0 = Release|Any CPU
		{3CFC9BC2-EA10-4513-ACAB-46D311FD8B87}.Debug|Any CPU.ActiveCfg = Debug|Any CPU
		{3CFC9BC2-EA10-4513-ACAB-46D311FD8B87}.Debug|Any CPU.Build.0 = Debug|Any CPU
		{3CFC9BC2-EA10-4513-ACAB-46D311FD8B87}.Release|Any CPU.ActiveCfg = Release|Any CPU
		{3CFC9BC2-EA10-4513-ACAB-46D311FD8B87}.Release|Any CPU.Build.0 = Release|Any CPU
		{B1E654AD-E659-4E01-8A2D-17C10CE7961E}.Debug|Any CPU.ActiveCfg = Debug|Any CPU
		{B1E654AD-E659-4E01-8A2D-17C10CE7961E}.Debug|Any CPU.Build.0 = Debug|Any CPU
		{B1E654AD-E659-4E01-8A2D-17C10CE7961E}.Release|Any CPU.ActiveCfg = Release|Any CPU
		{B1E654AD-E659-4E01-8A2D-17C10CE7961E}.Release|Any CPU.Build.0 = Release|Any CPU
		{E7FECA44-D391-46F3-9D10-E4203E99411A}.Debug|Any CPU.ActiveCfg = Debug|Any CPU
		{E7FECA44-D391-46F3-9D10-E4203E99411A}.Debug|Any CPU.Build.0 = Debug|Any CPU
		{E7FECA44-D391-46F3-9D10-E4203E99411A}.Release|Any CPU.ActiveCfg = Release|Any CPU
		{E7FECA44-D391-46F3-9D10-E4203E99411A}.Release|Any CPU.Build.0 = Release|Any CPU
		{0B64EEB2-6099-4DD6-BFCC-ACA43AC1E561}.Debug|Any CPU.ActiveCfg = Debug|Any CPU
		{0B64EEB2-6099-4DD6-BFCC-ACA43AC1E561}.Debug|Any CPU.Build.0 = Debug|Any CPU
		{0B64EEB2-6099-4DD6-BFCC-ACA43AC1E561}.Release|Any CPU.ActiveCfg = Release|Any CPU
		{0B64EEB2-6099-4DD6-BFCC-ACA43AC1E561}.Release|Any CPU.Build.0 = Release|Any CPU
		{3A635B0B-DAE7-4255-A249-472F09BC4F33}.Debug|Any CPU.ActiveCfg = Debug|Any CPU
		{3A635B0B-DAE7-4255-A249-472F09BC4F33}.Debug|Any CPU.Build.0 = Debug|Any CPU
		{3A635B0B-DAE7-4255-A249-472F09BC4F33}.Release|Any CPU.ActiveCfg = Release|Any CPU
		{3A635B0B-DAE7-4255-A249-472F09BC4F33}.Release|Any CPU.Build.0 = Release|Any CPU
		{F178B77D-7006-42EE-BB8C-03DE66661DE0}.Debug|Any CPU.ActiveCfg = Debug|Any CPU
		{F178B77D-7006-42EE-BB8C-03DE66661DE0}.Debug|Any CPU.Build.0 = Debug|Any CPU
		{F178B77D-7006-42EE-BB8C-03DE66661DE0}.Release|Any CPU.ActiveCfg = Release|Any CPU
		{F178B77D-7006-42EE-BB8C-03DE66661DE0}.Release|Any CPU.Build.0 = Release|Any CPU
		{3D745F08-2563-4B22-BD55-75681652E009}.Debug|Any CPU.ActiveCfg = Debug|Any CPU
		{3D745F08-2563-4B22-BD55-75681652E009}.Debug|Any CPU.Build.0 = Debug|Any CPU
		{3D745F08-2563-4B22-BD55-75681652E009}.Release|Any CPU.ActiveCfg = Release|Any CPU
		{3D745F08-2563-4B22-BD55-75681652E009}.Release|Any CPU.Build.0 = Release|Any CPU
		{0A828686-27D1-48A2-A2A6-DF34C9D4CE08}.Debug|Any CPU.ActiveCfg = Debug|Any CPU
		{0A828686-27D1-48A2-A2A6-DF34C9D4CE08}.Debug|Any CPU.Build.0 = Debug|Any CPU
		{0A828686-27D1-48A2-A2A6-DF34C9D4CE08}.Release|Any CPU.ActiveCfg = Release|Any CPU
		{0A828686-27D1-48A2-A2A6-DF34C9D4CE08}.Release|Any CPU.Build.0 = Release|Any CPU
		{941F5264-259F-4282-9E10-746357566FB7}.Debug|Any CPU.ActiveCfg = Debug|Any CPU
		{941F5264-259F-4282-9E10-746357566FB7}.Debug|Any CPU.Build.0 = Debug|Any CPU
		{941F5264-259F-4282-9E10-746357566FB7}.Release|Any CPU.ActiveCfg = Release|Any CPU
		{941F5264-259F-4282-9E10-746357566FB7}.Release|Any CPU.Build.0 = Release|Any CPU
		{E8F977F2-3F3D-48A3-85AB-230252836B99}.Debug|Any CPU.ActiveCfg = Debug|Any CPU
		{E8F977F2-3F3D-48A3-85AB-230252836B99}.Debug|Any CPU.Build.0 = Debug|Any CPU
		{E8F977F2-3F3D-48A3-85AB-230252836B99}.Release|Any CPU.ActiveCfg = Release|Any CPU
		{E8F977F2-3F3D-48A3-85AB-230252836B99}.Release|Any CPU.Build.0 = Release|Any CPU
		{29D08B28-DFAE-4D9F-8BC3-A9FC2149D1A6}.Debug|Any CPU.ActiveCfg = Debug|Any CPU
		{29D08B28-DFAE-4D9F-8BC3-A9FC2149D1A6}.Debug|Any CPU.Build.0 = Debug|Any CPU
		{29D08B28-DFAE-4D9F-8BC3-A9FC2149D1A6}.Release|Any CPU.ActiveCfg = Release|Any CPU
		{29D08B28-DFAE-4D9F-8BC3-A9FC2149D1A6}.Release|Any CPU.Build.0 = Release|Any CPU
		{83725B74-863A-4B90-AB32-19C20D35473A}.Debug|Any CPU.ActiveCfg = Debug|Any CPU
		{83725B74-863A-4B90-AB32-19C20D35473A}.Debug|Any CPU.Build.0 = Debug|Any CPU
		{83725B74-863A-4B90-AB32-19C20D35473A}.Release|Any CPU.ActiveCfg = Release|Any CPU
		{83725B74-863A-4B90-AB32-19C20D35473A}.Release|Any CPU.Build.0 = Release|Any CPU
		{0079DB67-BE96-4D93-9DEB-E7B23302143E}.Debug|Any CPU.ActiveCfg = Debug|Any CPU
		{0079DB67-BE96-4D93-9DEB-E7B23302143E}.Debug|Any CPU.Build.0 = Debug|Any CPU
		{0079DB67-BE96-4D93-9DEB-E7B23302143E}.Release|Any CPU.ActiveCfg = Release|Any CPU
		{0079DB67-BE96-4D93-9DEB-E7B23302143E}.Release|Any CPU.Build.0 = Release|Any CPU
		{3685BA76-E777-4A20-B6DC-E1A864E494F1}.Debug|Any CPU.ActiveCfg = Debug|Any CPU
		{3685BA76-E777-4A20-B6DC-E1A864E494F1}.Debug|Any CPU.Build.0 = Debug|Any CPU
		{3685BA76-E777-4A20-B6DC-E1A864E494F1}.Release|Any CPU.ActiveCfg = Release|Any CPU
		{3685BA76-E777-4A20-B6DC-E1A864E494F1}.Release|Any CPU.Build.0 = Release|Any CPU
		{A74AFE2F-8442-49FE-9B51-28663022B1A6}.Debug|Any CPU.ActiveCfg = Debug|Any CPU
		{A74AFE2F-8442-49FE-9B51-28663022B1A6}.Debug|Any CPU.Build.0 = Debug|Any CPU
		{A74AFE2F-8442-49FE-9B51-28663022B1A6}.Release|Any CPU.ActiveCfg = Release|Any CPU
		{A74AFE2F-8442-49FE-9B51-28663022B1A6}.Release|Any CPU.Build.0 = Release|Any CPU
		{A952A435-5A56-4F33-B1FF-6E66AA06D05C}.Debug|Any CPU.ActiveCfg = Debug|Any CPU
		{A952A435-5A56-4F33-B1FF-6E66AA06D05C}.Debug|Any CPU.Build.0 = Debug|Any CPU
		{A952A435-5A56-4F33-B1FF-6E66AA06D05C}.Release|Any CPU.ActiveCfg = Release|Any CPU
		{A952A435-5A56-4F33-B1FF-6E66AA06D05C}.Release|Any CPU.Build.0 = Release|Any CPU
		{60CE35FD-000E-4415-8844-78154AF6AA07}.Debug|Any CPU.ActiveCfg = Debug|Any CPU
		{60CE35FD-000E-4415-8844-78154AF6AA07}.Debug|Any CPU.Build.0 = Debug|Any CPU
		{60CE35FD-000E-4415-8844-78154AF6AA07}.Release|Any CPU.ActiveCfg = Release|Any CPU
		{60CE35FD-000E-4415-8844-78154AF6AA07}.Release|Any CPU.Build.0 = Release|Any CPU
		{FF18626F-3AD2-4B21-9E32-F658C7A8402C}.Debug|Any CPU.ActiveCfg = Debug|Any CPU
		{FF18626F-3AD2-4B21-9E32-F658C7A8402C}.Debug|Any CPU.Build.0 = Debug|Any CPU
		{FF18626F-3AD2-4B21-9E32-F658C7A8402C}.Release|Any CPU.ActiveCfg = Release|Any CPU
		{FF18626F-3AD2-4B21-9E32-F658C7A8402C}.Release|Any CPU.Build.0 = Release|Any CPU
		{24C55AD7-2405-442A-8F05-F56914756933}.Debug|Any CPU.ActiveCfg = Debug|Any CPU
		{24C55AD7-2405-442A-8F05-F56914756933}.Debug|Any CPU.Build.0 = Debug|Any CPU
		{24C55AD7-2405-442A-8F05-F56914756933}.Release|Any CPU.ActiveCfg = Release|Any CPU
		{24C55AD7-2405-442A-8F05-F56914756933}.Release|Any CPU.Build.0 = Release|Any CPU
		{7C020DC1-7766-4A18-B9AD-E883A8A842F1}.Debug|Any CPU.ActiveCfg = Debug|Any CPU
		{7C020DC1-7766-4A18-B9AD-E883A8A842F1}.Debug|Any CPU.Build.0 = Debug|Any CPU
		{7C020DC1-7766-4A18-B9AD-E883A8A842F1}.Release|Any CPU.ActiveCfg = Release|Any CPU
		{7C020DC1-7766-4A18-B9AD-E883A8A842F1}.Release|Any CPU.Build.0 = Release|Any CPU
		{1A6AC9B4-6B1B-4D91-8F5C-BE149CEF0C9E}.Debug|Any CPU.ActiveCfg = Debug|Any CPU
		{1A6AC9B4-6B1B-4D91-8F5C-BE149CEF0C9E}.Debug|Any CPU.Build.0 = Debug|Any CPU
		{1A6AC9B4-6B1B-4D91-8F5C-BE149CEF0C9E}.Release|Any CPU.ActiveCfg = Release|Any CPU
		{1A6AC9B4-6B1B-4D91-8F5C-BE149CEF0C9E}.Release|Any CPU.Build.0 = Release|Any CPU
	EndGlobalSection
	GlobalSection(SolutionProperties) = preSolution
		HideSolutionNode = FALSE
	EndGlobalSection
	GlobalSection(NestedProjects) = preSolution
		{17588832-96F5-4F83-AACB-A3D521EE7A0D} = {E37E19B4-8CAD-4753-A13B-6CE0A109A47E}
		{F7139EE4-A5F1-4079-B8D4-CC5244E395AB} = {E37E19B4-8CAD-4753-A13B-6CE0A109A47E}
		{E528C6BB-A219-4472-955C-E9F38100162D} = {E37E19B4-8CAD-4753-A13B-6CE0A109A47E}
		{5ACDDB1C-166A-4A2A-B79A-3214AA1D63F1} = {E37E19B4-8CAD-4753-A13B-6CE0A109A47E}
		{9EADBF3C-5409-41F3-91B6-7743FDE15A62} = {E37E19B4-8CAD-4753-A13B-6CE0A109A47E}
		{E88F00DF-0550-45FF-8624-D024C9B24971} = {E37E19B4-8CAD-4753-A13B-6CE0A109A47E}
		{F8287696-5266-433D-B978-23FC0FA402A3} = {D2449708-4D2A-4570-BF84-447964A00C8D}
		{83D8FC87-513D-4DB1-8CDA-DE17FC2C81F0} = {D2449708-4D2A-4570-BF84-447964A00C8D}
		{E76AFDFF-1C7B-4CFC-B89C-2A5766B40CDE} = {D2449708-4D2A-4570-BF84-447964A00C8D}
		{1D204B48-D858-4E32-81BD-3DB918E9C31F} = {E37E19B4-8CAD-4753-A13B-6CE0A109A47E}
		{8AE7B357-E1DD-4A88-92BA-694D01FA991F} = {E37E19B4-8CAD-4753-A13B-6CE0A109A47E}
		{18F1F165-85CD-498B-93D6-AF847BDA975E} = {E37E19B4-8CAD-4753-A13B-6CE0A109A47E}
		{C78450CE-CF3F-4F15-9E6D-F8FF9389C868} = {D2449708-4D2A-4570-BF84-447964A00C8D}
		{CB8510C0-87FB-4B9A-8E70-B53B587C7E86} = {D2449708-4D2A-4570-BF84-447964A00C8D}
		{95E9F918-6DAA-4257-AE5E-8C2CF8EEBC76} = {33A7E37B-9828-415B-AF82-1990CB0EE237}
		{61004E95-8CC4-4D0B-B6D7-3F87D1FA3DE7} = {33A7E37B-9828-415B-AF82-1990CB0EE237}
		{DB724183-063A-40C2-AFA4-487A45360A63} = {33A7E37B-9828-415B-AF82-1990CB0EE237}
		{DFBD704B-B975-4D07-A223-5CC35C82BD0B} = {33A7E37B-9828-415B-AF82-1990CB0EE237}
		{33C681C6-7E83-4D18-A58E-73BF4AEF3B15} = {11F1FB28-21A8-4DCE-8E06-3730607F238C}
		{EA84558B-C8DB-4BBD-B731-BF64008E2484} = {94187501-617F-4B11-B990-D95064D36E6E}
		{71C80F97-C407-4EE1-BD7A-1BE55B742C8D} = {94187501-617F-4B11-B990-D95064D36E6E}
		{46E865A4-5B12-41E8-ACF8-F969775735B4} = {4EE61F89-2AB9-447E-A013-D2E59D57E066}
		{D7DB52F5-1F65-4FD8-8B94-C63D7E278C6C} = {D2449708-4D2A-4570-BF84-447964A00C8D}
		{79F633F4-1156-4BC3-BA1D-9C2719E3BDEA} = {D2449708-4D2A-4570-BF84-447964A00C8D}
		{8BDDE57E-CCDE-48A4-97BF-6AE230BC4BF6} = {D2449708-4D2A-4570-BF84-447964A00C8D}
		{2F66C7B2-49D7-4449-AABD-E64AAB5F42C6} = {D2449708-4D2A-4570-BF84-447964A00C8D}
		{4438855A-3C5C-4053-BBE5-EA3AC57D2FB2} = {D2449708-4D2A-4570-BF84-447964A00C8D}
		{4283F11A-2563-4E6D-9A13-226E78D2F757} = {D2449708-4D2A-4570-BF84-447964A00C8D}
		{7AF30B9B-9AA5-4352-84BE-7179F5EEE849} = {33A7E37B-9828-415B-AF82-1990CB0EE237}
		{ECA09DBF-A04A-4AA7-8DCD-F05046F394EF} = {11F1FB28-21A8-4DCE-8E06-3730607F238C}
		{3925F7C3-713D-4D7F-B464-2013109838AA} = {11F1FB28-21A8-4DCE-8E06-3730607F238C}
		{6381CB68-4835-4A95-9928-7BB43683CD4C} = {4EE61F89-2AB9-447E-A013-D2E59D57E066}
		{3CFC9BC2-EA10-4513-ACAB-46D311FD8B87} = {4EE61F89-2AB9-447E-A013-D2E59D57E066}
		{B1E654AD-E659-4E01-8A2D-17C10CE7961E} = {1EC10470-AD68-4C4D-A910-5B7C0EC36763}
		{E7FECA44-D391-46F3-9D10-E4203E99411A} = {1EC10470-AD68-4C4D-A910-5B7C0EC36763}
		{0B64EEB2-6099-4DD6-BFCC-ACA43AC1E561} = {1EC10470-AD68-4C4D-A910-5B7C0EC36763}
		{3A635B0B-DAE7-4255-A249-472F09BC4F33} = {6BE717F1-4BC4-4EA2-AC29-7441EB212E1F}
		{F178B77D-7006-42EE-BB8C-03DE66661DE0} = {6BE717F1-4BC4-4EA2-AC29-7441EB212E1F}
		{3D745F08-2563-4B22-BD55-75681652E009} = {CDA1AF92-76A3-481F-B3E5-900108AD0500}
		{0A828686-27D1-48A2-A2A6-DF34C9D4CE08} = {CDA1AF92-76A3-481F-B3E5-900108AD0500}
		{941F5264-259F-4282-9E10-746357566FB7} = {33A7E37B-9828-415B-AF82-1990CB0EE237}
		{E8F977F2-3F3D-48A3-85AB-230252836B99} = {33A7E37B-9828-415B-AF82-1990CB0EE237}
		{29D08B28-DFAE-4D9F-8BC3-A9FC2149D1A6} = {33A7E37B-9828-415B-AF82-1990CB0EE237}
		{83725B74-863A-4B90-AB32-19C20D35473A} = {33A7E37B-9828-415B-AF82-1990CB0EE237}
		{0079DB67-BE96-4D93-9DEB-E7B23302143E} = {11F1FB28-21A8-4DCE-8E06-3730607F238C}
		{3685BA76-E777-4A20-B6DC-E1A864E494F1} = {11F1FB28-21A8-4DCE-8E06-3730607F238C}
		{A74AFE2F-8442-49FE-9B51-28663022B1A6} = {1EC10470-AD68-4C4D-A910-5B7C0EC36763}
		{A952A435-5A56-4F33-B1FF-6E66AA06D05C} = {1EC10470-AD68-4C4D-A910-5B7C0EC36763}
		{60CE35FD-000E-4415-8844-78154AF6AA07} = {1EC10470-AD68-4C4D-A910-5B7C0EC36763}
		{FF18626F-3AD2-4B21-9E32-F658C7A8402C} = {839A6C66-79A9-46B8-924C-296DA1A766A9}
		{24C55AD7-2405-442A-8F05-F56914756933} = {839A6C66-79A9-46B8-924C-296DA1A766A9}
		{7C020DC1-7766-4A18-B9AD-E883A8A842F1} = {839A6C66-79A9-46B8-924C-296DA1A766A9}
		{1A6AC9B4-6B1B-4D91-8F5C-BE149CEF0C9E} = {839A6C66-79A9-46B8-924C-296DA1A766A9}
	EndGlobalSection
	GlobalSection(ExtensibilityGlobals) = postSolution
		SolutionGuid = {1E5351AB-450D-488E-A93D-011BDCE28156}
	EndGlobalSection
EndGlobal
